
Microsoft Visual Studio Solution File, Format Version 12.00
# Visual Studio Version 17
VisualStudioVersion = 17.6.33801.468
MinimumVisualStudioVersion = 10.0.40219.1
Project("{FAE04EC0-301F-11D3-BF4B-00C04F79EFBC}") = "MvcProjeMY", "MvcProjeMY\MvcProjeMY.csproj", "{12E54D77-9ACE-4772-AC9E-4BE09B99E72E}"
EndProject
Project("{FAE04EC0-301F-11D3-BF4B-00C04F79EFBC}") = "EntityLayer", "EntityLayer\EntityLayer.csproj", "{C4AF06DE-6F78-4F5D-831A-78274999CE64}"
EndProject
Project("{FAE04EC0-301F-11D3-BF4B-00C04F79EFBC}") = "BusinessLayer", "BusinessLayer\BusinessLayer.csproj", "{0136C9EF-7397-4DB5-8E54-EB6D01281501}"
EndProject
Project("{FAE04EC0-301F-11D3-BF4B-00C04F79EFBC}") = "DataAccessLayer", "DataAccessLayer\DataAccessLayer.csproj", "{ADCCAEE9-1967-4AF2-99D3-43CEFDEFD082}"
EndProject
Global
	GlobalSection(SolutionConfigurationPlatforms) = preSolution
		Debug|Any CPU = Debug|Any CPU
		Release|Any CPU = Release|Any CPU
	EndGlobalSection
	GlobalSection(ProjectConfigurationPlatforms) = postSolution
		{12E54D77-9ACE-4772-AC9E-4BE09B99E72E}.Debug|Any CPU.ActiveCfg = Debug|Any CPU
		{12E54D77-9ACE-4772-AC9E-4BE09B99E72E}.Debug|Any CPU.Build.0 = Debug|Any CPU
		{12E54D77-9ACE-4772-AC9E-4BE09B99E72E}.Release|Any CPU.ActiveCfg = Release|Any CPU
		{12E54D77-9ACE-4772-AC9E-4BE09B99E72E}.Release|Any CPU.Build.0 = Release|Any CPU
		{C4AF06DE-6F78-4F5D-831A-78274999CE64}.Debug|Any CPU.ActiveCfg = Debug|Any CPU
		{C4AF06DE-6F78-4F5D-831A-78274999CE64}.Debug|Any CPU.Build.0 = Debug|Any CPU
		{C4AF06DE-6F78-4F5D-831A-78274999CE64}.Release|Any CPU.ActiveCfg = Release|Any CPU
		{C4AF06DE-6F78-4F5D-831A-78274999CE64}.Release|Any CPU.Build.0 = Release|Any CPU
		{0136C9EF-7397-4DB5-8E54-EB6D01281501}.Debug|Any CPU.ActiveCfg = Debug|Any CPU
		{0136C9EF-7397-4DB5-8E54-EB6D01281501}.Debug|Any CPU.Build.0 = Debug|Any CPU
		{0136C9EF-7397-4DB5-8E54-EB6D01281501}.Release|Any CPU.ActiveCfg = Release|Any CPU
		{0136C9EF-7397-4DB5-8E54-EB6D01281501}.Release|Any CPU.Build.0 = Release|Any CPU
		{ADCCAEE9-1967-4AF2-99D3-43CEFDEFD082}.Debug|Any CPU.ActiveCfg = Debug|Any CPU
		{ADCCAEE9-1967-4AF2-99D3-43CEFDEFD082}.Debug|Any CPU.Build.0 = Debug|Any CPU
		{ADCCAEE9-1967-4AF2-99D3-43CEFDEFD082}.Release|Any CPU.ActiveCfg = Release|Any CPU
		{ADCCAEE9-1967-4AF2-99D3-43CEFDEFD082}.Release|Any CPU.Build.0 = Release|Any CPU
	EndGlobalSection
	GlobalSection(SolutionProperties) = preSolution
		HideSolutionNode = FALSE
	EndGlobalSection
	GlobalSection(ExtensibilityGlobals) = postSolution
		SolutionGuid = {251DA864-D67D-4508-AEDE-48FAC3D3EDBA}
	EndGlobalSection
EndGlobal
